
Microsoft Visual Studio Solution File, Format Version 12.00
# Visual Studio Version 17
VisualStudioVersion = 17.7.34024.191
MinimumVisualStudioVersion = 10.0.40219.1
Project("{FAE04EC0-301F-11D3-BF4B-00C04F79EFBC}") = "HttpClientWrongWay", "HttpClientWrongWay\HttpClientWrongWay.csproj", "{77BEF6D5-A283-4AA5-A881-EDDF35EDD088}"
EndProject
Project("{FAE04EC0-301F-11D3-BF4B-00C04F79EFBC}") = "HttpClientRightWay", "HttpClientRightWay\HttpClientRightWay.csproj", "{C4200AB4-46C1-400E-93A8-F30BD93D4361}"
EndProject
Global
	GlobalSection(SolutionConfigurationPlatforms) = preSolution
		Debug|Any CPU = Debug|Any CPU
		Release|Any CPU = Release|Any CPU
	EndGlobalSection
	GlobalSection(ProjectConfigurationPlatforms) = postSolution
		{77BEF6D5-A283-4AA5-A881-EDDF35EDD088}.Debug|Any CPU.ActiveCfg = Debug|Any CPU
		{77BEF6D5-A283-4AA5-A881-EDDF35EDD088}.Debug|Any CPU.Build.0 = Debug|Any CPU
		{77BEF6D5-A283-4AA5-A881-EDDF35EDD088}.Release|Any CPU.ActiveCfg = Release|Any CPU
		{77BEF6D5-A283-4AA5-A881-EDDF35EDD088}.Release|Any CPU.Build.0 = Release|Any CPU
		{C4200AB4-46C1-400E-93A8-F30BD93D4361}.Debug|Any CPU.ActiveCfg = Debug|Any CPU
		{C4200AB4-46C1-400E-93A8-F30BD93D4361}.Debug|Any CPU.Build.0 = Debug|Any CPU
		{C4200AB4-46C1-400E-93A8-F30BD93D4361}.Release|Any CPU.ActiveCfg = Release|Any CPU
		{C4200AB4-46C1-400E-93A8-F30BD93D4361}.Release|Any CPU.Build.0 = Release|Any CPU
	EndGlobalSection
	GlobalSection(SolutionProperties) = preSolution
		HideSolutionNode = FALSE
	EndGlobalSection
	GlobalSection(ExtensibilityGlobals) = postSolution
		SolutionGuid = {37C1839A-2C83-4961-9E58-32E2A84F8305}
	EndGlobalSection
EndGlobal
